
Microsoft Visual Studio Solution File, Format Version 12.00
# Visual Studio Version 17
VisualStudioVersion = 17.0.31903.59
MinimumVisualStudioVersion = 10.0.40219.1
Project("{FAE04EC0-301F-11D3-BF4B-00C04F79EFBC}") = "YunQiao.Cashier.Core", "src\YunQiao.Cashier.Core\YunQiao.Cashier.Core.csproj", "{469079D4-958C-4D4E-93E6-DF9C5556090C}"
EndProject
Project("{FAE04EC0-301F-11D3-BF4B-00C04F79EFBC}") = "YunQiao.Cashier", "src\YunQiao.Cashier\YunQiao.Cashier.csproj", "{2D08CB68-EF2F-405A-9C72-84905CE2BC22}"
EndProject
Project("{FAE04EC0-301F-11D3-BF4B-00C04F79EFBC}") = "YunQiao.Cashier.Core.Tests", "tests\YunQiao.Cashier.Core.Tests\YunQiao.Cashier.Core.Tests.csproj", "{8456C7F6-F28C-4D22-BBF7-EDCA836EBC68}"
EndProject
Project("{FAE04EC0-301F-11D3-BF4B-00C04F79EFBC}") = "YunQiao.Cashier.Windows.Tests", "tests\YunQiao.Cashier.Windows.Tests\YunQiao.Cashier.Windows.Tests.csproj", "{69991983-C6EB-4256-BC5F-A71D4BAE9679}"
EndProject
Global
	GlobalSection(SolutionConfigurationPlatforms) = preSolution
		Debug|Any CPU = Debug|Any CPU
		Release|Any CPU = Release|Any CPU
	EndGlobalSection
	GlobalSection(ProjectConfigurationPlatforms) = postSolution
		{469079D4-958C-4D4E-93E6-DF9C5556090C}.Debug|Any CPU.ActiveCfg = Debug|Any CPU
		{469079D4-958C-4D4E-93E6-DF9C5556090C}.Debug|Any CPU.Build.0 = Debug|Any CPU
		{469079D4-958C-4D4E-93E6-DF9C5556090C}.Release|Any CPU.ActiveCfg = Release|Any CPU
		{469079D4-958C-4D4E-93E6-DF9C5556090C}.Release|Any CPU.Build.0 = Release|Any CPU
		{2D08CB68-EF2F-405A-9C72-84905CE2BC22}.Debug|Any CPU.ActiveCfg = Debug|Any CPU
		{2D08CB68-EF2F-405A-9C72-84905CE2BC22}.Debug|Any CPU.Build.0 = Debug|Any CPU
		{2D08CB68-EF2F-405A-9C72-84905CE2BC22}.Release|Any CPU.ActiveCfg = Release|Any CPU
		{2D08CB68-EF2F-405A-9C72-84905CE2BC22}.Release|Any CPU.Build.0 = Release|Any CPU
		{8456C7F6-F28C-4D22-BBF7-EDCA836EBC68}.Debug|Any CPU.ActiveCfg = Debug|Any CPU
		{8456C7F6-F28C-4D22-BBF7-EDCA836EBC68}.Debug|Any CPU.Build.0 = Debug|Any CPU
		{8456C7F6-F28C-4D22-BBF7-EDCA836EBC68}.Release|Any CPU.ActiveCfg = Release|Any CPU
		{8456C7F6-F28C-4D22-BBF7-EDCA836EBC68}.Release|Any CPU.Build.0 = Release|Any CPU
		{69991983-C6EB-4256-BC5F-A71D4BAE9679}.Debug|Any CPU.ActiveCfg = Debug|Any CPU
		{69991983-C6EB-4256-BC5F-A71D4BAE9679}.Debug|Any CPU.Build.0 = Debug|Any CPU
		{69991983-C6EB-4256-BC5F-A71D4BAE9679}.Release|Any CPU.ActiveCfg = Release|Any CPU
		{69991983-C6EB-4256-BC5F-A71D4BAE9679}.Release|Any CPU.Build.0 = Release|Any CPU
	EndGlobalSection
EndGlobal
